
Microsoft Visual Studio Solution File, Format Version 12.00
# Visual Studio Version 17
VisualStudioVersion = 17.13.35913.81 d17.13
MinimumVisualStudioVersion = 10.0.40219.1
Project("{FAE04EC0-301F-11D3-BF4B-00C04F79EFBC}") = "UserManagementBack", "UserManagementBack\UserManagementBack.csproj", "{BE24447D-2348-44A4-A138-D01B3B6DF1CC}"
EndProject
Global
	GlobalSection(SolutionConfigurationPlatforms) = preSolution
		Debug|Any CPU = Debug|Any CPU
		Release|Any CPU = Release|Any CPU
	EndGlobalSection
	GlobalSection(ProjectConfigurationPlatforms) = postSolution
		{BE24447D-2348-44A4-A138-D01B3B6DF1CC}.Debug|Any CPU.ActiveCfg = Debug|Any CPU
		{BE24447D-2348-44A4-A138-D01B3B6DF1CC}.Debug|Any CPU.Build.0 = Debug|Any CPU
		{BE24447D-2348-44A4-A138-D01B3B6DF1CC}.Release|Any CPU.ActiveCfg = Release|Any CPU
		{BE24447D-2348-44A4-A138-D01B3B6DF1CC}.Release|Any CPU.Build.0 = Release|Any CPU
	EndGlobalSection
	GlobalSection(SolutionProperties) = preSolution
		HideSolutionNode = FALSE
	EndGlobalSection
	GlobalSection(ExtensibilityGlobals) = postSolution
		SolutionGuid = {911F02DD-AAB4-40B0-8F15-CF8D87627647}
	EndGlobalSection
EndGlobal
